github.com/germansanz93/go-fundamentals-response v0.0.2 h1:86gn5FiF8cajE7ERv5vdaCMit8xCQJMehPlC4ZTrqqE=
github.com/germansanz93/go-fundamentals-response v0.0.2/go.mod h1:wvRjEhGPPcIFvti5+NPARHVUApvruyRxf6V3vYwE2h8=
golang.org/x/exp v0.0.0-20240416160154-fe59bbe5cc7f h1:99ci1mjWVBWwJiEKYY6jWa4d2nTQVIEhZIptnrVb1XY=
golang.org/x/exp v0.0.0-20240416160154-fe59bbe5cc7f/go.mod h1:/lliqkxwWAhPjf5oSOIJup2XcqJaw8RGS6k3TGEc7GI=
